
Microsoft Visual Studio Solution File, Format Version 12.00
# Visual Studio Version 16
VisualStudioVersion = 16.0.31229.75
MinimumVisualStudioVersion = 10.0.40219.1
Project("{FAE04EC0-301F-11D3-BF4B-00C04F79EFBC}") = "DecimalColorConverter", "DecimalColorConverter\DecimalColorConverter.csproj", "{BACFB9E5-5A5E-4C5C-8034-394503CAD24B}"
EndProject
Global
	GlobalSection(SolutionConfigurationPlatforms) = preSolution
		Debug|Any CPU = Debug|Any CPU
		Release|Any CPU = Release|Any CPU
	EndGlobalSection
	GlobalSection(ProjectConfigurationPlatforms) = postSolution
		{BACFB9E5-5A5E-4C5C-8034-394503CAD24B}.Debug|Any CPU.ActiveCfg = Debug|Any CPU
		{BACFB9E5-5A5E-4C5C-8034-394503CAD24B}.Debug|Any CPU.Build.0 = Debug|Any CPU
		{BACFB9E5-5A5E-4C5C-8034-394503CAD24B}.Release|Any CPU.ActiveCfg = Release|Any CPU
		{BACFB9E5-5A5E-4C5C-8034-394503CAD24B}.Release|Any CPU.Build.0 = Release|Any CPU
	EndGlobalSection
	GlobalSection(SolutionProperties) = preSolution
		HideSolutionNode = FALSE
	EndGlobalSection
	GlobalSection(ExtensibilityGlobals) = postSolution
		SolutionGuid = {751E5EAD-04F0-49AC-872E-B8A418A03156}
	EndGlobalSection
EndGlobal
